
Microsoft Visual Studio Solution File, Format Version 12.00
# Visual Studio 15
VisualStudioVersion = 15.0.27130.2020
MinimumVisualStudioVersion = 10.0.40219.1
Project("{9A19103F-16F7-4668-BE54-9A1E7A4F7556}") = "Todo.WebApi", "Todo.WebApi\Todo.WebApi.csproj", "{36EC1C0B-630F-47E0-B2D8-EB4AF81AF42C}"
EndProject
Global
	GlobalSection(SolutionConfigurationPlatforms) = preSolution
		Debug|Any CPU = Debug|Any CPU
		Release|Any CPU = Release|Any CPU
	EndGlobalSection
	GlobalSection(ProjectConfigurationPlatforms) = postSolution
		{36EC1C0B-630F-47E0-B2D8-EB4AF81AF42C}.Debug|Any CPU.ActiveCfg = Debug|Any CPU
		{36EC1C0B-630F-47E0-B2D8-EB4AF81AF42C}.Debug|Any CPU.Build.0 = Debug|Any CPU
		{36EC1C0B-630F-47E0-B2D8-EB4AF81AF42C}.Release|Any CPU.ActiveCfg = Release|Any CPU
		{36EC1C0B-630F-47E0-B2D8-EB4AF81AF42C}.Release|Any CPU.Build.0 = Release|Any CPU
	EndGlobalSection
	GlobalSection(SolutionProperties) = preSolution
		HideSolutionNode = FALSE
	EndGlobalSection
	GlobalSection(ExtensibilityGlobals) = postSolution
		SolutionGuid = {234131A2-DC0E-4F17-A4E7-B5F35D607639}
	EndGlobalSection
EndGlobal
